
Microsoft Visual Studio Solution File, Format Version 12.00
# Visual Studio Version 16
VisualStudioVersion = 16.0.29613.14
MinimumVisualStudioVersion = 10.0.40219.1
Project("{FAE04EC0-301F-11D3-BF4B-00C04F79EFBC}") = "SistemaFarmacia", "SistemaFarmacia.csproj", "{7FDA0D79-682B-424B-B62A-239DAAA283BE}"
EndProject
Global
	GlobalSection(SolutionConfigurationPlatforms) = preSolution
		Debug|Any CPU = Debug|Any CPU
		Release|Any CPU = Release|Any CPU
	EndGlobalSection
	GlobalSection(ProjectConfigurationPlatforms) = postSolution
		{7FDA0D79-682B-424B-B62A-239DAAA283BE}.Debug|Any CPU.ActiveCfg = Debug|Any CPU
		{7FDA0D79-682B-424B-B62A-239DAAA283BE}.Debug|Any CPU.Build.0 = Debug|Any CPU
		{7FDA0D79-682B-424B-B62A-239DAAA283BE}.Release|Any CPU.ActiveCfg = Release|Any CPU
		{7FDA0D79-682B-424B-B62A-239DAAA283BE}.Release|Any CPU.Build.0 = Release|Any CPU
	EndGlobalSection
	GlobalSection(SolutionProperties) = preSolution
		HideSolutionNode = FALSE
	EndGlobalSection
	GlobalSection(ExtensibilityGlobals) = postSolution
		SolutionGuid = {D8CBB361-D33A-4104-99F7-C41EC9FF4BAB}
	EndGlobalSection
EndGlobal
